{
    "name": "@bdsx/VoriumSMP-Core",
    "version": "0.0.1",
    "lockfileVersion": 2,
    "requires": true,
    "packages": {
        "": {
            "name": "@bdsx/VoriumSMP-Core",
            "version": "0.0.1",
            "license": "ISC",
            "devDependencies": {
                "bdsx": "file:../bdsx"
            }
        },
        "../bdsx": {
            "dev": true
        },
        "node_modules/bdsx": {
            "resolved": "../bdsx",
            "link": true
        }
    },
    "dependencies": {
        "bdsx": {
            "version": "file:../bdsx"
        }
    }
}
